// !$*UTF8*$!
{
	archiveVersion = 1;
	classes = {
	};
	objectVersion = 46;
	objects = {

/* Begin PBXBuildFile section */
		C12767DF1B2D2B7E003ED4ED /* OctagonBezierShape.m in Sources */ = {isa = PBXBuildFile; fileRef = C12767DE1B2D2B7E003ED4ED /* OctagonBezierShape.m */; };
		C12767E31B2D4BBA003ED4ED /* HexagonBezierShape.m in Sources */ = {isa = PBXBuildFile; fileRef = C12767E21B2D4BBA003ED4ED /* HexagonBezierShape.m */; };
		C12767E91B2D4CE1003ED4ED /* HeptagonBezierShape.m in Sources */ = {isa = PBXBuildFile; fileRef = C12767E81B2D4CE1003ED4ED /* HeptagonBezierShape.m */; };
		C138351C1BC5EE8900BDB658 /* VerticallyCenteredTextView.m in Sources */ = {isa = PBXBuildFile; fileRef = C138351B1BC5EE8900BDB658 /* VerticallyCenteredTextView.m */; };
		C14F7B011BE463CA00308CE5 /* AlarmSoundInfoVC.m in Sources */ = {isa = PBXBuildFile; fileRef = C14F7B001BE463CA00308CE5 /* AlarmSoundInfoVC.m */; };
		C14F7B041BE4861600308CE5 /* PlayStopSoundButton.m in Sources */ = {isa = PBXBuildFile; fileRef = C14F7B031BE4861600308CE5 /* PlayStopSoundButton.m */; };
		C177C63C1BE2EE4300660526 /* AlarmSoundTVCell.m in Sources */ = {isa = PBXBuildFile; fileRef = C177C63B1BE2EE4300660526 /* AlarmSoundTVCell.m */; };
		C17936FD1BBC766F00800325 /* FloundsViewConstants.m in Sources */ = {isa = PBXBuildFile; fileRef = C17936FC1BBC766F00800325 /* FloundsViewConstants.m */; };
		C17937001BBC7C0A00800325 /* FloundsTVCell.m in Sources */ = {isa = PBXBuildFile; fileRef = C17936FF1BBC7C0A00800325 /* FloundsTVCell.m */; };
		C17937091BC0824E00800325 /* FloundsShapeLayer.m in Sources */ = {isa = PBXBuildFile; fileRef = C17937081BC0824E00800325 /* FloundsShapeLayer.m */; };
		C179370C1BC097E100800325 /* FloundsAppearanceUtility.m in Sources */ = {isa = PBXBuildFile; fileRef = C179370B1BC097E100800325 /* FloundsAppearanceUtility.m */; };
		C17D23E01B716862005CE89A /* FloundsButtonSegue.m in Sources */ = {isa = PBXBuildFile; fileRef = C17D23DF1B716862005CE89A /* FloundsButtonSegue.m */; };
		C193DA9E1BD9F0DE002C0DD1 /* AlarmSound.m in Sources */ = {isa = PBXBuildFile; fileRef = C193DA9D1BD9F0DE002C0DD1 /* AlarmSound.m */; };
		C19DDC091BE1B3C000839A6D /* 20 nmi.wav in Resources */ = {isa = PBXBuildFile; fileRef = C19DDBFD1BE1B3C000839A6D /* 20 nmi.wav */; };
		C19DDC0A1BE1B3C000839A6D /* Analog.wav in Resources */ = {isa = PBXBuildFile; fileRef = C19DDBFE1BE1B3C000839A6D /* Analog.wav */; };
		C19DDC0B1BE1B3C000839A6D /* Bell - Brass.wav in Resources */ = {isa = PBXBuildFile; fileRef = C19DDBFF1BE1B3C000839A6D /* Bell - Brass.wav */; };
		C19DDC0C1BE1B3C000839A6D /* Bell - Huge.wav in Resources */ = {isa = PBXBuildFile; fileRef = C19DDC001BE1B3C000839A6D /* Bell - Huge.wav */; };
		C19DDC0D1BE1B3C000839A6D /* Bell - Small.wav in Resources */ = {isa = PBXBuildFile; fileRef = C19DDC011BE1B3C000839A6D /* Bell - Small.wav */; };
		C19DDC0E1BE1B3C000839A6D /* Bell - Zen.wav in Resources */ = {isa = PBXBuildFile; fileRef = C19DDC021BE1B3C000839A6D /* Bell - Zen.wav */; };
		C19DDC0F1BE1B3C000839A6D /* Blip.wav in Resources */ = {isa = PBXBuildFile; fileRef = C19DDC031BE1B3C000839A6D /* Blip.wav */; };
		C19DDC101BE1B3C000839A6D /* Dubya.wav in Resources */ = {isa = PBXBuildFile; fileRef = C19DDC041BE1B3C000839A6D /* Dubya.wav */; };
		C19DDC111BE1B3C000839A6D /* Gentex.wav in Resources */ = {isa = PBXBuildFile; fileRef = C19DDC051BE1B3C000839A6D /* Gentex.wav */; };
		C19DDC121BE1B3C000839A6D /* Gosh Darn.wav in Resources */ = {isa = PBXBuildFile; fileRef = C19DDC061BE1B3C000839A6D /* Gosh Darn.wav */; };
		C19DDC131BE1B3C000839A6D /* Penny Death.wav in Resources */ = {isa = PBXBuildFile; fileRef = C19DDC071BE1B3C000839A6D /* Penny Death.wav */; };
		C19DDC141BE1B3C000839A6D /* Tin Can.wav in Resources */ = {isa = PBXBuildFile; fileRef = C19DDC081BE1B3C000839A6D /* Tin Can.wav */; };
		C19DDC171BE1C06B00839A6D /* AbortNoticeVC.m in Sources */ = {isa = PBXBuildFile; fileRef = C19DDC161BE1C06B00839A6D /* AbortNoticeVC.m */; };
		C19DDC1A1BE2A89B00839A6D /* AbortNoticeLabel.m in Sources */ = {isa = PBXBuildFile; fileRef = C19DDC191BE2A89B00839A6D /* AbortNoticeLabel.m */; };
		C1A59A4F1BB05B6400BD4DF3 /* Flounds To-Do.rtf in Resources */ = {isa = PBXBuildFile; fileRef = C1A59A4E1BB05B6400BD4DF3 /* Flounds To-Do.rtf */; };
		C1A678561B95400500785560 /* FloundsVCBase.m in Sources */ = {isa = PBXBuildFile; fileRef = C1A678551B95400400785560 /* FloundsVCBase.m */; };
		C1B98D701B51FCA700201FAD /* FloundsButton.m in Sources */ = {isa = PBXBuildFile; fileRef = C1B98D6F1B51FCA700201FAD /* FloundsButton.m */; };
		C1BF6B391BEC7F640059B22E /* 20 nmi.txt in Resources */ = {isa = PBXBuildFile; fileRef = C1BF6B2D1BEC7F640059B22E /* 20 nmi.txt */; };
		C1BF6B3A1BEC7F640059B22E /* Analog.txt in Resources */ = {isa = PBXBuildFile; fileRef = C1BF6B2E1BEC7F640059B22E /* Analog.txt */; };
		C1BF6B3B1BEC7F640059B22E /* Bell - Brass.txt in Resources */ = {isa = PBXBuildFile; fileRef = C1BF6B2F1BEC7F640059B22E /* Bell - Brass.txt */; };
		C1BF6B3C1BEC7F640059B22E /* Bell - Huge.txt in Resources */ = {isa = PBXBuildFile; fileRef = C1BF6B301BEC7F640059B22E /* Bell - Huge.txt */; };
		C1BF6B3D1BEC7F640059B22E /* Bell - Small.txt in Resources */ = {isa = PBXBuildFile; fileRef = C1BF6B311BEC7F640059B22E /* Bell - Small.txt */; };
		C1BF6B3E1BEC7F640059B22E /* Bell - Zen.txt in Resources */ = {isa = PBXBuildFile; fileRef = C1BF6B321BEC7F640059B22E /* Bell - Zen.txt */; };
		C1BF6B3F1BEC7F640059B22E /* Blip.txt in Resources */ = {isa = PBXBuildFile; fileRef = C1BF6B331BEC7F640059B22E /* Blip.txt */; };
		C1BF6B401BEC7F640059B22E /* Dubya.txt in Resources */ = {isa = PBXBuildFile; fileRef = C1BF6B341BEC7F640059B22E /* Dubya.txt */; };
		C1BF6B411BEC7F640059B22E /* Gentex.txt in Resources */ = {isa = PBXBuildFile; fileRef = C1BF6B351BEC7F640059B22E /* Gentex.txt */; };
		C1BF6B421BEC7F640059B22E /* Gosh Darn.txt in Resources */ = {isa = PBXBuildFile; fileRef = C1BF6B361BEC7F640059B22E /* Gosh Darn.txt */; };
		C1BF6B431BEC7F640059B22E /* Penny Death.txt in Resources */ = {isa = PBXBuildFile; fileRef = C1BF6B371BEC7F640059B22E /* Penny Death.txt */; };
		C1BF6B441BEC7F640059B22E /* Tin Can.txt in Resources */ = {isa = PBXBuildFile; fileRef = C1BF6B381BEC7F640059B22E /* Tin Can.txt */; };
		C1BF6B471BED84010059B22E /* LeftRightMarginLabel.m in Sources */ = {isa = PBXBuildFile; fileRef = C1BF6B461BED84010059B22E /* LeftRightMarginLabel.m */; };
		C1C28F5B1BD1D853009B0F99 /* AlarmSoundDefaultChooserVC.m in Sources */ = {isa = PBXBuildFile; fileRef = C1C28F5A1BD1D853009B0F99 /* AlarmSoundDefaultChooserVC.m */; };
		C1C28F5E1BD32835009B0F99 /* FloundsDatePickerView.m in Sources */ = {isa = PBXBuildFile; fileRef = C1C28F5D1BD32835009B0F99 /* FloundsDatePickerView.m */; };
		C1F0C3861BE2CFF7001C6FBC /* WhiteTickMark.png in Resources */ = {isa = PBXBuildFile; fileRef = C1F0C3851BE2CFF7001C6FBC /* WhiteTickMark.png */; };
		C1F0C3881BE2D099001C6FBC /* WhiteTickMark@2x.png in Resources */ = {isa = PBXBuildFile; fileRef = C1F0C3871BE2D099001C6FBC /* WhiteTickMark@2x.png */; };
		C1F0C38B1BE2D34A001C6FBC /* FloundsIcon.png in Resources */ = {isa = PBXBuildFile; fileRef = C1F0C3891BE2D34A001C6FBC /* FloundsIcon.png */; };
		C1F0C38C1BE2D34A001C6FBC /* FloundsIcon@2x.png in Resources */ = {isa = PBXBuildFile; fileRef = C1F0C38A1BE2D34A001C6FBC /* FloundsIcon@2x.png */; };
		C1F0C38E1BE2D52D001C6FBC /* Artwork.xcassets in Resources */ = {isa = PBXBuildFile; fileRef = C1F0C38D1BE2D52D001C6FBC /* Artwork.xcassets */; };
		C1F0C3901BE2DA3B001C6FBC /* LaunchScreen.storyboard in Resources */ = {isa = PBXBuildFile; fileRef = C1F0C38F1BE2DA3B001C6FBC /* LaunchScreen.storyboard */; };
		C1F46F111BDEA771005E52E8 /* AlarmSoundSetterVC.m in Sources */ = {isa = PBXBuildFile; fileRef = C1F46F101BDEA771005E52E8 /* AlarmSoundSetterVC.m */; };
		C1F46F141BDEAA63005E52E8 /* FloundsAlarmSoundChooserVCBase.m in Sources */ = {isa = PBXBuildFile; fileRef = C1F46F131BDEAA63005E52E8 /* FloundsAlarmSoundChooserVCBase.m */; };
		DF0217CF19E36967002BF4D3 /* NSDateUtility.m in Sources */ = {isa = PBXBuildFile; fileRef = DF0217CE19E36966002BF4D3 /* NSDateUtility.m */; };
		DF0217D319EC9306002BF4D3 /* SquareBezierShape.m in Sources */ = {isa = PBXBuildFile; fileRef = DF0217D219EC9304002BF4D3 /* SquareBezierShape.m */; };
		DF0217D619EC9607002BF4D3 /* BezierShapeFactory.m in Sources */ = {isa = PBXBuildFile; fileRef = DF0217D519EC9605002BF4D3 /* BezierShapeFactory.m */; };
		DF0217D919EC9653002BF4D3 /* PentagonBezierShape.m in Sources */ = {isa = PBXBuildFile; fileRef = DF0217D819EC9651002BF4D3 /* PentagonBezierShape.m */; };
		DF0217DC19EC9674002BF4D3 /* TriangleBezierShape.m in Sources */ = {isa = PBXBuildFile; fileRef = DF0217DB19EC9673002BF4D3 /* TriangleBezierShape.m */; };
		DF0632CF1A817F6E00DE2AD2 /* SnapTickSlider.m in Sources */ = {isa = PBXBuildFile; fileRef = DF0632CE1A817F6E00DE2AD2 /* SnapTickSlider.m */; };
		DF09C3AE1A5094E500488EED /* BezierLayerManager.m in Sources */ = {isa = PBXBuildFile; fileRef = DF09C3AD1A5094E300488EED /* BezierLayerManager.m */; };
		DF1796821A1AAA8B00E1BF3B /* AVFoundation.framework in Frameworks */ = {isa = PBXBuildFile; fileRef = DF1796811A1AAA8A00E1BF3B /* AVFoundation.framework */; };
		DF1796891A1BECEE00E1BF3B /* AlarmSoundManager.m in Sources */ = {isa = PBXBuildFile; fileRef = DF1796881A1BECEE00E1BF3B /* AlarmSoundManager.m */; };
		DF20776719F9A03E003032A5 /* engine-153649_640.png in Resources */ = {isa = PBXBuildFile; fileRef = DF20776619F9A03E003032A5 /* engine-153649_640.png */; };
		DF20776B19FA36BF003032A5 /* SettingsVC.m in Sources */ = {isa = PBXBuildFile; fileRef = DF20776A19FA36BF003032A5 /* SettingsVC.m */; };
		DF20776E19FAD81A003032A5 /* SnoozeDefaultPickerVC.m in Sources */ = {isa = PBXBuildFile; fileRef = DF20776D19FAD81A003032A5 /* SnoozeDefaultPickerVC.m */; };
		DF20F2EB198D6C7400583719 /* AlarmTime.m in Sources */ = {isa = PBXBuildFile; fileRef = DF20F2EA198D6C7400583719 /* AlarmTime.m */; };
		DF4C72181A71ADCD0061DA24 /* CAAnimationCluster.m in Sources */ = {isa = PBXBuildFile; fileRef = DF4C72171A71ADCD0061DA24 /* CAAnimationCluster.m */; };
		DF7187C31AE8478E0088CBBE /* Default-568h@2x.png in Resources */ = {isa = PBXBuildFile; fileRef = DF7927A31AE8409F005E64EA /* Default-568h@2x.png */; };
		DF7187C41AE8498D0088CBBE /* Flounds Icon v1 114x114.png in Resources */ = {isa = PBXBuildFile; fileRef = DF2C0FEB1AE3254300293D54 /* Flounds Icon v1 114x114.png */; };
		DF78E4631A7552DC000C7611 /* CAAnimationFactory.m in Sources */ = {isa = PBXBuildFile; fileRef = DF78E4621A7552DC000C7611 /* CAAnimationFactory.m */; };
		DF94216A1A0AD78A001CFCA1 /* SnoozeSetterVC.m in Sources */ = {isa = PBXBuildFile; fileRef = DF9421691A0AD789001CFCA1 /* SnoozeSetterVC.m */; };
		DFB3CCA119FCA0D50084F01C /* ClockViewText.m in Sources */ = {isa = PBXBuildFile; fileRef = DFB3CCA019FCA0D50084F01C /* ClockViewText.m */; };
		DFB3CCA419FEB0E40084F01C /* DifficultySettingsVC.m in Sources */ = {isa = PBXBuildFile; fileRef = DFB3CCA319FEB0E40084F01C /* DifficultySettingsVC.m */; };
		DFB3CCA81A03745F0084F01C /* SettingBaseVC.m in Sources */ = {isa = PBXBuildFile; fileRef = DFB3CCA71A03745F0084F01C /* SettingBaseVC.m */; };
		DFC466D71926B8EE00A793AF /* UIKit.framework in Frameworks */ = {isa = PBXBuildFile; fileRef = DFC466D61926B8EE00A793AF /* UIKit.framework */; };
		DFC466D91926B8EE00A793AF /* Foundation.framework in Frameworks */ = {isa = PBXBuildFile; fileRef = DFC466D81926B8EE00A793AF /* Foundation.framework */; };
		DFC466DB1926B8EE00A793AF /* CoreGraphics.framework in Frameworks */ = {isa = PBXBuildFile; fileRef = DFC466DA1926B8EE00A793AF /* CoreGraphics.framework */; };
		DFC466E11926B8EE00A793AF /* InfoPlist.strings in Resources */ = {isa = PBXBuildFile; fileRef = DFC466DF1926B8EE00A793AF /* InfoPlist.strings */; };
		DFC466E31926B8EE00A793AF /* main.m in Sources */ = {isa = PBXBuildFile; fileRef = DFC466E21926B8EE00A793AF /* main.m */; };
		DFC466E71926B8EE00A793AF /* AppDelegate.m in Sources */ = {isa = PBXBuildFile; fileRef = DFC466E61926B8EE00A793AF /* AppDelegate.m */; };
		DFC466F41926B91D00A793AF /* FloundsUniversal.Storyboard in Resources */ = {isa = PBXBuildFile; fileRef = DFC466F31926B91D00A793AF /* FloundsUniversal.Storyboard */; };
		DFC466F71926BBF300A793AF /* PatternMakerVC.m in Sources */ = {isa = PBXBuildFile; fileRef = DFC466F61926BBF300A793AF /* PatternMakerVC.m */; };
		DFC466FD1927EBDD00A793AF /* BezierShape.m in Sources */ = {isa = PBXBuildFile; fileRef = DFC466FC1927EBDD00A793AF /* BezierShape.m */; };
		DFC467001927F2FB00A793AF /* CircleBezierShape.m in Sources */ = {isa = PBXBuildFile; fileRef = DFC466FF1927F2FB00A793AF /* CircleBezierShape.m */; };
		DFC46703192A932D00A793AF /* ShapeView.m in Sources */ = {isa = PBXBuildFile; fileRef = DFC46702192A932C00A793AF /* ShapeView.m */; };
		DFC4670D192D184900A793AF /* FloundsModel.m in Sources */ = {isa = PBXBuildFile; fileRef = DFC4670C192D184900A793AF /* FloundsModel.m */; };
		DFC4670F192EA54F00A793AF /* QuartzCore.framework in Frameworks */ = {isa = PBXBuildFile; fileRef = DFC4670E192EA54F00A793AF /* QuartzCore.framework */; };
		DFC46712192FDF8900A793AF /* BezierShapeLayer.m in Sources */ = {isa = PBXBuildFile; fileRef = DFC46711192FDF8900A793AF /* BezierShapeLayer.m */; };
		DFC467151930862900A793AF /* BezierShapeLayerDelegate.m in Sources */ = {isa = PBXBuildFile; fileRef = DFC467141930862800A793AF /* BezierShapeLayerDelegate.m */; };
		DFDF718B1A23D07300689944 /* EllipseBezierShape.m in Sources */ = {isa = PBXBuildFile; fileRef = DFDF718A1A23D07200689944 /* EllipseBezierShape.m */; };
		DFE59B551960B1A100C3952B /* AlarmTimeCell.m in Sources */ = {isa = PBXBuildFile; fileRef = DFE59B541960B1A100C3952B /* AlarmTimeCell.m */; };
		DFE59B5B19687EB300C3952B /* AlarmSetterVC.m in Sources */ = {isa = PBXBuildFile; fileRef = DFE59B5A19687EB300C3952B /* AlarmSetterVC.m */; };
		DFE59B5E1968820B00C3952B /* CoreData.framework in Frameworks */ = {isa = PBXBuildFile; fileRef = DFE59B5D1968820B00C3952B /* CoreData.framework */; };
		DFE59B64196A426700C3952B /* AlarmClockModel.m in Sources */ = {isa = PBXBuildFile; fileRef = DFE59B63196A426700C3952B /* AlarmClockModel.m */; };
		DFEEB51D194D03710001B4B7 /* CoreImage.framework in Frameworks */ = {isa = PBXBuildFile; fileRef = DFEEB51C194D03710001B4B7 /* CoreImage.framework */; };
		DFEEB523195667920001B4B7 /* AlarmClockVC.m in Sources */ = {isa = PBXBuildFile; fileRef = DFEEB522195667910001B4B7 /* AlarmClockVC.m */; };
		DFF0C0E21A9A29A600370D56 /* TryFloundsSplashVC.m in Sources */ = {isa = PBXBuildFile; fileRef = DFF0C0E11A9A29A600370D56 /* TryFloundsSplashVC.m */; };
		DFF0C0E41AA3E58000370D56 /* CoreText.framework in Frameworks */ = {isa = PBXBuildFile; fileRef = DFF0C0E31AA3E58000370D56 /* CoreText.framework */; };
/* End PBXBuildFile section */

/* Begin PBXFileReference section */
		C12767DD1B2D2B7E003ED4ED /* OctagonBezierShape.h */ = {isa = PBXFileReference; fileEncoding = 4; lastKnownFileType = sourcecode.c.h; path = OctagonBezierShape.h; sourceTree = "<group>"; };
		C12767DE1B2D2B7E003ED4ED /* OctagonBezierShape.m */ = {isa = PBXFileReference; fileEncoding = 4; lastKnownFileType = sourcecode.c.objc; path = OctagonBezierShape.m; sourceTree = "<group>"; };
		C12767E11B2D4BBA003ED4ED /* HexagonBezierShape.h */ = {isa = PBXFileReference; fileEncoding = 4; lastKnownFileType = sourcecode.c.h; path = HexagonBezierShape.h; sourceTree = "<group>"; };
		C12767E21B2D4BBA003ED4ED /* HexagonBezierShape.m */ = {isa = PBXFileReference; fileEncoding = 4; lastKnownFileType = sourcecode.c.objc; path = HexagonBezierShape.m; sourceTree = "<group>"; };
		C12767E71B2D4CE1003ED4ED /* HeptagonBezierShape.h */ = {isa = PBXFileReference; fileEncoding = 4; lastKnownFileType = sourcecode.c.h; path = HeptagonBezierShape.h; sourceTree = "<group>"; };
		C12767E81B2D4CE1003ED4ED /* HeptagonBezierShape.m */ = {isa = PBXFileReference; fileEncoding = 4; lastKnownFileType = sourcecode.c.objc; path = HeptagonBezierShape.m; sourceTree = "<group>"; };
		C138351A1BC5EE8900BDB658 /* VerticallyCenteredTextView.h */ = {isa = PBXFileReference; fileEncoding = 4; lastKnownFileType = sourcecode.c.h; path = VerticallyCenteredTextView.h; sourceTree = "<group>"; };
		C138351B1BC5EE8900BDB658 /* VerticallyCenteredTextView.m */ = {isa = PBXFileReference; fileEncoding = 4; lastKnownFileType = sourcecode.c.objc; path = VerticallyCenteredTextView.m; sourceTree = "<group>"; };
		C14C57031B3FA24F005E72EE /* SliderUpdateSuperViewProtocol.h */ = {isa = PBXFileReference; lastKnownFileType = sourcecode.c.h; path = SliderUpdateSuperViewProtocol.h; sourceTree = "<group>"; };
		C14F7AFF1BE463C900308CE5 /* AlarmSoundInfoVC.h */ = {isa = PBXFileReference; fileEncoding = 4; lastKnownFileType = sourcecode.c.h; path = AlarmSoundInfoVC.h; sourceTree = "<group>"; };
		C14F7B001BE463CA00308CE5 /* AlarmSoundInfoVC.m */ = {isa = PBXFileReference; fileEncoding = 4; lastKnownFileType = sourcecode.c.objc; path = AlarmSoundInfoVC.m; sourceTree = "<group>"; };
		C14F7B021BE4861500308CE5 /* PlayStopSoundButton.h */ = {isa = PBXFileReference; fileEncoding = 4; lastKnownFileType = sourcecode.c.h; path = PlayStopSoundButton.h; sourceTree = "<group>"; };
		C14F7B031BE4861600308CE5 /* PlayStopSoundButton.m */ = {isa = PBXFileReference; fileEncoding = 4; lastKnownFileType = sourcecode.c.objc; path = PlayStopSoundButton.m; sourceTree = "<group>"; };
		C177C63A1BE2EE4300660526 /* AlarmSoundTVCell.h */ = {isa = PBXFileReference; fileEncoding = 4; lastKnownFileType = sourcecode.c.h; path = AlarmSoundTVCell.h; sourceTree = "<group>"; };
		C177C63B1BE2EE4300660526 /* AlarmSoundTVCell.m */ = {isa = PBXFileReference; fileEncoding = 4; lastKnownFileType = sourcecode.c.objc; path = AlarmSoundTVCell.m; sourceTree = "<group>"; };
		C17936FB1BBC766F00800325 /* FloundsViewConstants.h */ = {isa = PBXFileReference; fileEncoding = 4; lastKnownFileType = sourcecode.c.h; path = FloundsViewConstants.h; sourceTree = "<group>"; };
		C17936FC1BBC766F00800325 /* FloundsViewConstants.m */ = {isa = PBXFileReference; fileEncoding = 4; lastKnownFileType = sourcecode.c.objc; path = FloundsViewConstants.m; sourceTree = "<group>"; };
		C17936FE1BBC7C0A00800325 /* FloundsTVCell.h */ = {isa = PBXFileReference; fileEncoding = 4; lastKnownFileType = sourcecode.c.h; path = FloundsTVCell.h; sourceTree = "<group>"; };
		C17936FF1BBC7C0A00800325 /* FloundsTVCell.m */ = {isa = PBXFileReference; fileEncoding = 4; lastKnownFileType = sourcecode.c.objc; path = FloundsTVCell.m; sourceTree = "<group>"; };
		C17937071BC0824E00800325 /* FloundsShapeLayer.h */ = {isa = PBXFileReference; fileEncoding = 4; lastKnownFileType = sourcecode.c.h; path = FloundsShapeLayer.h; sourceTree = "<group>"; };
		C17937081BC0824E00800325 /* FloundsShapeLayer.m */ = {isa = PBXFileReference; fileEncoding = 4; lastKnownFileType = sourcecode.c.objc; path = FloundsShapeLayer.m; sourceTree = "<group>"; };
		C179370A1BC097E100800325 /* FloundsAppearanceUtility.h */ = {isa = PBXFileReference; fileEncoding = 4; lastKnownFileType = sourcecode.c.h; path = FloundsAppearanceUtility.h; sourceTree = "<group>"; };
		C179370B1BC097E100800325 /* FloundsAppearanceUtility.m */ = {isa = PBXFileReference; fileEncoding = 4; lastKnownFileType = sourcecode.c.objc; path = FloundsAppearanceUtility.m; sourceTree = "<group>"; };
		C17D23DD1B5EE490005CE89A /* DismissContainingVCProtocol.h */ = {isa = PBXFileReference; lastKnownFileType = sourcecode.c.h; path = DismissContainingVCProtocol.h; sourceTree = "<group>"; };
		C17D23DE1B716862005CE89A /* FloundsButtonSegue.h */ = {isa = PBXFileReference; fileEncoding = 4; lastKnownFileType = sourcecode.c.h; path = FloundsButtonSegue.h; sourceTree = "<group>"; };
		C17D23DF1B716862005CE89A /* FloundsButtonSegue.m */ = {isa = PBXFileReference; fileEncoding = 4; lastKnownFileType = sourcecode.c.objc; path = FloundsButtonSegue.m; sourceTree = "<group>"; };
		C193DA9C1BD9F0DE002C0DD1 /* AlarmSound.h */ = {isa = PBXFileReference; fileEncoding = 4; lastKnownFileType = sourcecode.c.h; path = AlarmSound.h; sourceTree = "<group>"; };
		C193DA9D1BD9F0DE002C0DD1 /* AlarmSound.m */ = {isa = PBXFileReference; fileEncoding = 4; lastKnownFileType = sourcecode.c.objc; path = AlarmSound.m; sourceTree = "<group>"; };
		C19DDBFD1BE1B3C000839A6D /* 20 nmi.wav */ = {isa = PBXFileReference; lastKnownFileType = audio.wav; path = "20 nmi.wav"; sourceTree = "<group>"; };
		C19DDBFE1BE1B3C000839A6D /* Analog.wav */ = {isa = PBXFileReference; lastKnownFileType = audio.wav; path = Analog.wav; sourceTree = "<group>"; };
		C19DDBFF1BE1B3C000839A6D /* Bell - Brass.wav */ = {isa = PBXFileReference; lastKnownFileType = audio.wav; path = "Bell - Brass.wav"; sourceTree = "<group>"; };
		C19DDC001BE1B3C000839A6D /* Bell - Huge.wav */ = {isa = PBXFileReference; lastKnownFileType = audio.wav; path = "Bell - Huge.wav"; sourceTree = "<group>"; };
		C19DDC011BE1B3C000839A6D /* Bell - Small.wav */ = {isa = PBXFileReference; lastKnownFileType = audio.wav; path = "Bell - Small.wav"; sourceTree = "<group>"; };
		C19DDC021BE1B3C000839A6D /* Bell - Zen.wav */ = {isa = PBXFileReference; lastKnownFileType = audio.wav; path = "Bell - Zen.wav"; sourceTree = "<group>"; };
		C19DDC031BE1B3C000839A6D /* Blip.wav */ = {isa = PBXFileReference; lastKnownFileType = audio.wav; path = Blip.wav; sourceTree = "<group>"; };
		C19DDC041BE1B3C000839A6D /* Dubya.wav */ = {isa = PBXFileReference; lastKnownFileType = audio.wav; path = Dubya.wav; sourceTree = "<group>"; };
		C19DDC051BE1B3C000839A6D /* Gentex.wav */ = {isa = PBXFileReference; lastKnownFileType = audio.wav; path = Gentex.wav; sourceTree = "<group>"; };
		C19DDC061BE1B3C000839A6D /* Gosh Darn.wav */ = {isa = PBXFileReference; lastKnownFileType = audio.wav; path = "Gosh Darn.wav"; sourceTree = "<group>"; };
		C19DDC071BE1B3C000839A6D /* Penny Death.wav */ = {isa = PBXFileReference; lastKnownFileType = audio.wav; path = "Penny Death.wav"; sourceTree = "<group>"; };
		C19DDC081BE1B3C000839A6D /* Tin Can.wav */ = {isa = PBXFileReference; lastKnownFileType = audio.wav; path = "Tin Can.wav"; sourceTree = "<group>"; };
		C19DDC151BE1C06B00839A6D /* AbortNoticeVC.h */ = {isa = PBXFileReference; fileEncoding = 4; lastKnownFileType = sourcecode.c.h; path = AbortNoticeVC.h; sourceTree = "<group>"; };
		C19DDC161BE1C06B00839A6D /* AbortNoticeVC.m */ = {isa = PBXFileReference; fileEncoding = 4; lastKnownFileType = sourcecode.c.objc; path = AbortNoticeVC.m; sourceTree = "<group>"; };
		C19DDC181BE2A89B00839A6D /* AbortNoticeLabel.h */ = {isa = PBXFileReference; fileEncoding = 4; lastKnownFileType = sourcecode.c.h; path = AbortNoticeLabel.h; sourceTree = "<group>"; };
		C19DDC191BE2A89B00839A6D /* AbortNoticeLabel.m */ = {isa = PBXFileReference; fileEncoding = 4; lastKnownFileType = sourcecode.c.objc; path = AbortNoticeLabel.m; sourceTree = "<group>"; };
		C1A59A4E1BB05B6400BD4DF3 /* Flounds To-Do.rtf */ = {isa = PBXFileReference; fileEncoding = 4; lastKnownFileType = text.rtf; path = "Flounds To-Do.rtf"; sourceTree = "<group>"; };
		C1A678531B8A1B8D00785560 /* FloundsButtonUnwindProtocol.h */ = {isa = PBXFileReference; lastKnownFileType = sourcecode.c.h; path = FloundsButtonUnwindProtocol.h; sourceTree = "<group>"; };
		C1A678541B95400400785560 /* FloundsVCBase.h */ = {isa = PBXFileReference; fileEncoding = 4; lastKnownFileType = sourcecode.c.h; path = FloundsVCBase.h; sourceTree = "<group>"; };
		C1A678551B95400400785560 /* FloundsVCBase.m */ = {isa = PBXFileReference; fileEncoding = 4; lastKnownFileType = sourcecode.c.objc; path = FloundsVCBase.m; sourceTree = "<group>"; };
		C1B98D6E1B51FCA700201FAD /* FloundsButton.h */ = {isa = PBXFileReference; fileEncoding = 4; lastKnownFileType = sourcecode.c.h; path = FloundsButton.h; sourceTree = "<group>"; };
		C1B98D6F1B51FCA700201FAD /* FloundsButton.m */ = {isa = PBXFileReference; fileEncoding = 4; lastKnownFileType = sourcecode.c.objc; path = FloundsButton.m; sourceTree = "<group>"; };
		C1BF6B2D1BEC7F640059B22E /* 20 nmi.txt */ = {isa = PBXFileReference; fileEncoding = 4; lastKnownFileType = text; path = "20 nmi.txt"; sourceTree = "<group>"; };
		C1BF6B2E1BEC7F640059B22E /* Analog.txt */ = {isa = PBXFileReference; fileEncoding = 4; lastKnownFileType = text; path = Analog.txt; sourceTree = "<group>"; };
		C1BF6B2F1BEC7F640059B22E /* Bell - Brass.txt */ = {isa = PBXFileReference; fileEncoding = 4; lastKnownFileType = text; path = "Bell - Brass.txt"; sourceTree = "<group>"; };
		C1BF6B301BEC7F640059B22E /* Bell - Huge.txt */ = {isa = PBXFileReference; fileEncoding = 4; lastKnownFileType = text; path = "Bell - Huge.txt"; sourceTree = "<group>"; };
		C1BF6B311BEC7F640059B22E /* Bell - Small.txt */ = {isa = PBXFileReference; fileEncoding = 4; lastKnownFileType = text; path = "Bell - Small.txt"; sourceTree = "<group>"; };
		C1BF6B321BEC7F640059B22E /* Bell - Zen.txt */ = {isa = PBXFileReference; fileEncoding = 4; lastKnownFileType = text; path = "Bell - Zen.txt"; sourceTree = "<group>"; };
		C1BF6B331BEC7F640059B22E /* Blip.txt */ = {isa = PBXFileReference; fileEncoding = 4; lastKnownFileType = text; path = Blip.txt; sourceTree = "<group>"; };
		C1BF6B341BEC7F640059B22E /* Dubya.txt */ = {isa = PBXFileReference; fileEncoding = 4; lastKnownFileType = text; path = Dubya.txt; sourceTree = "<group>"; };
		C1BF6B351BEC7F640059B22E /* Gentex.txt */ = {isa = PBXFileReference; fileEncoding = 4; lastKnownFileType = text; path = Gentex.txt; sourceTree = "<group>"; };
		C1BF6B361BEC7F640059B22E /* Gosh Darn.txt */ = {isa = PBXFileReference; fileEncoding = 4; lastKnownFileType = text; path = "Gosh Darn.txt"; sourceTree = "<group>"; };
		C1BF6B371BEC7F640059B22E /* Penny Death.txt */ = {isa = PBXFileReference; fileEncoding = 4; lastKnownFileType = text; path = "Penny Death.txt"; sourceTree = "<group>"; };
		C1BF6B381BEC7F640059B22E /* Tin Can.txt */ = {isa = PBXFileReference; fileEncoding = 4; lastKnownFileType = text; path = "Tin Can.txt"; sourceTree = "<group>"; };
		C1BF6B451BED84010059B22E /* LeftRightMarginLabel.h */ = {isa = PBXFileReference; fileEncoding = 4; lastKnownFileType = sourcecode.c.h; path = LeftRightMarginLabel.h; sourceTree = "<group>"; };
		C1BF6B461BED84010059B22E /* LeftRightMarginLabel.m */ = {isa = PBXFileReference; fileEncoding = 4; lastKnownFileType = sourcecode.c.objc; path = LeftRightMarginLabel.m; sourceTree = "<group>"; };
		C1C28F591BD1D853009B0F99 /* AlarmSoundDefaultChooserVC.h */ = {isa = PBXFileReference; fileEncoding = 4; lastKnownFileType = sourcecode.c.h; path = AlarmSoundDefaultChooserVC.h; sourceTree = "<group>"; };
		C1C28F5A1BD1D853009B0F99 /* AlarmSoundDefaultChooserVC.m */ = {isa = PBXFileReference; fileEncoding = 4; lastKnownFileType = sourcecode.c.objc; path = AlarmSoundDefaultChooserVC.m; sourceTree = "<group>"; };
		C1C28F5C1BD32835009B0F99 /* FloundsDatePickerView.h */ = {isa = PBXFileReference; fileEncoding = 4; lastKnownFileType = sourcecode.c.h; path = FloundsDatePickerView.h; sourceTree = "<group>"; };
		C1C28F5D1BD32835009B0F99 /* FloundsDatePickerView.m */ = {isa = PBXFileReference; fileEncoding = 4; lastKnownFileType = sourcecode.c.objc; path = FloundsDatePickerView.m; sourceTree = "<group>"; };
		C1E89E981BC9DE7E00FA26A8 /* FloundsUserInteractionSegueProtocol.h */ = {isa = PBXFileReference; lastKnownFileType = sourcecode.c.h; path = FloundsUserInteractionSegueProtocol.h; sourceTree = "<group>"; };
		C1F0C3851BE2CFF7001C6FBC /* WhiteTickMark.png */ = {isa = PBXFileReference; lastKnownFileType = image.png; name = WhiteTickMark.png; path = Artwork/WhiteTickMark.png; sourceTree = "<group>"; };
		C1F0C3871BE2D099001C6FBC /* WhiteTickMark@2x.png */ = {isa = PBXFileReference; lastKnownFileType = image.png; name = "WhiteTickMark@2x.png"; path = "Artwork/WhiteTickMark@2x.png"; sourceTree = "<group>"; };
		C1F0C3891BE2D34A001C6FBC /* FloundsIcon.png */ = {isa = PBXFileReference; lastKnownFileType = image.png; name = FloundsIcon.png; path = Artwork/FloundsIcon.png; sourceTree = "<group>"; };
		C1F0C38A1BE2D34A001C6FBC /* FloundsIcon@2x.png */ = {isa = PBXFileReference; lastKnownFileType = image.png; name = "FloundsIcon@2x.png"; path = "Artwork/FloundsIcon@2x.png"; sourceTree = "<group>"; };
		C1F0C38D1BE2D52D001C6FBC /* Artwork.xcassets */ = {isa = PBXFileReference; lastKnownFileType = folder.assetcatalog; path = Artwork.xcassets; sourceTree = "<group>"; };
		C1F0C38F1BE2DA3B001C6FBC /* LaunchScreen.storyboard */ = {isa = PBXFileReference; fileEncoding = 4; lastKnownFileType = file.storyboard; path = LaunchScreen.storyboard; sourceTree = "<group>"; };
		C1F46F0E1BDE9C15005E52E8 /* DeactivateSnoozeProtocol.h */ = {isa = PBXFileReference; lastKnownFileType = sourcecode.c.h; path = DeactivateSnoozeProtocol.h; sourceTree = "<group>"; };
		C1F46F0F1BDEA771005E52E8 /* AlarmSoundSetterVC.h */ = {isa = PBXFileReference; fileEncoding = 4; lastKnownFileType = sourcecode.c.h; path = AlarmSoundSetterVC.h; sourceTree = "<group>"; };
		C1F46F101BDEA771005E52E8 /* AlarmSoundSetterVC.m */ = {isa = PBXFileReference; fileEncoding = 4; lastKnownFileType = sourcecode.c.objc; path = AlarmSoundSetterVC.m; sourceTree = "<group>"; };
		C1F46F121BDEAA63005E52E8 /* FloundsAlarmSoundChooserVCBase.h */ = {isa = PBXFileReference; fileEncoding = 4; lastKnownFileType = sourcecode.c.h; path = FloundsAlarmSoundChooserVCBase.h; sourceTree = "<group>"; };
		C1F46F131BDEAA63005E52E8 /* FloundsAlarmSoundChooserVCBase.m */ = {isa = PBXFileReference; fileEncoding = 4; lastKnownFileType = sourcecode.c.objc; path = FloundsAlarmSoundChooserVCBase.m; sourceTree = "<group>"; };
		C1F46F151BE040EB005E52E8 /* SetAlarmSoundProtocol.h */ = {isa = PBXFileReference; lastKnownFileType = sourcecode.c.h; path = SetAlarmSoundProtocol.h; sourceTree = "<group>"; };
		DF0217CD19E36965002BF4D3 /* NSDateUtility.h */ = {isa = PBXFileReference; fileEncoding = 4; lastKnownFileType = sourcecode.c.h; path = NSDateUtility.h; sourceTree = "<group>"; };
		DF0217CE19E36966002BF4D3 /* NSDateUtility.m */ = {isa = PBXFileReference; fileEncoding = 4; lastKnownFileType = sourcecode.c.objc; path = NSDateUtility.m; sourceTree = "<group>"; };
		DF0217D019E88C8F002BF4D3 /* ModalPatternMakerDelegate.h */ = {isa = PBXFileReference; lastKnownFileType = sourcecode.c.h; path = ModalPatternMakerDelegate.h; sourceTree = "<group>"; };
		DF0217D119EC9304002BF4D3 /* SquareBezierShape.h */ = {isa = PBXFileReference; fileEncoding = 4; lastKnownFileType = sourcecode.c.h; path = SquareBezierShape.h; sourceTree = "<group>"; };
		DF0217D219EC9304002BF4D3 /* SquareBezierShape.m */ = {isa = PBXFileReference; fileEncoding = 4; lastKnownFileType = sourcecode.c.objc; path = SquareBezierShape.m; sourceTree = "<group>"; };
		DF0217D419EC9604002BF4D3 /* BezierShapeFactory.h */ = {isa = PBXFileReference; fileEncoding = 4; lastKnownFileType = sourcecode.c.h; path = BezierShapeFactory.h; sourceTree = "<group>"; };
		DF0217D519EC9605002BF4D3 /* BezierShapeFactory.m */ = {isa = PBXFileReference; fileEncoding = 4; lastKnownFileType = sourcecode.c.objc; path = BezierShapeFactory.m; sourceTree = "<group>"; };
		DF0217D719EC9650002BF4D3 /* PentagonBezierShape.h */ = {isa = PBXFileReference; fileEncoding = 4; lastKnownFileType = sourcecode.c.h; path = PentagonBezierShape.h; sourceTree = "<group>"; };
		DF0217D819EC9651002BF4D3 /* PentagonBezierShape.m */ = {isa = PBXFileReference; fileEncoding = 4; lastKnownFileType = sourcecode.c.objc; path = PentagonBezierShape.m; sourceTree = "<group>"; };
		DF0217DA19EC9672002BF4D3 /* TriangleBezierShape.h */ = {isa = PBXFileReference; fileEncoding = 4; lastKnownFileType = sourcecode.c.h; path = TriangleBezierShape.h; sourceTree = "<group>"; };
		DF0217DB19EC9673002BF4D3 /* TriangleBezierShape.m */ = {isa = PBXFileReference; fileEncoding = 4; lastKnownFileType = sourcecode.c.objc; path = TriangleBezierShape.m; sourceTree = "<group>"; };
		DF0632CD1A817F6D00DE2AD2 /* SnapTickSlider.h */ = {isa = PBXFileReference; fileEncoding = 4; lastKnownFileType = sourcecode.c.h; path = SnapTickSlider.h; sourceTree = "<group>"; };
		DF0632CE1A817F6E00DE2AD2 /* SnapTickSlider.m */ = {isa = PBXFileReference; fileEncoding = 4; lastKnownFileType = sourcecode.c.objc; path = SnapTickSlider.m; sourceTree = "<group>"; };
		DF09C3AC1A5094E200488EED /* BezierLayerManager.h */ = {isa = PBXFileReference; fileEncoding = 4; lastKnownFileType = sourcecode.c.h; path = BezierLayerManager.h; sourceTree = "<group>"; };
		DF09C3AD1A5094E300488EED /* BezierLayerManager.m */ = {isa = PBXFileReference; fileEncoding = 4; lastKnownFileType = sourcecode.c.objc; path = BezierLayerManager.m; sourceTree = "<group>"; };
		DF1796811A1AAA8A00E1BF3B /* AVFoundation.framework */ = {isa = PBXFileReference; lastKnownFileType = wrapper.framework; name = AVFoundation.framework; path = System/Library/Frameworks/AVFoundation.framework; sourceTree = SDKROOT; };
		DF1796871A1BECEE00E1BF3B /* AlarmSoundManager.h */ = {isa = PBXFileReference; fileEncoding = 4; lastKnownFileType = sourcecode.c.h; path = AlarmSoundManager.h; sourceTree = "<group>"; };
		DF1796881A1BECEE00E1BF3B /* AlarmSoundManager.m */ = {isa = PBXFileReference; fileEncoding = 4; lastKnownFileType = sourcecode.c.objc; path = AlarmSoundManager.m; sourceTree = "<group>"; };
		DF20776619F9A03E003032A5 /* engine-153649_640.png */ = {isa = PBXFileReference; lastKnownFileType = image.png; name = "engine-153649_640.png"; path = "Images/engine-153649_640.png"; sourceTree = "<group>"; };
		DF20776919FA36BF003032A5 /* SettingsVC.h */ = {isa = PBXFileReference; fileEncoding = 4; lastKnownFileType = sourcecode.c.h; path = SettingsVC.h; sourceTree = "<group>"; };
		DF20776A19FA36BF003032A5 /* SettingsVC.m */ = {isa = PBXFileReference; fileEncoding = 4; lastKnownFileType = sourcecode.c.objc; path = SettingsVC.m; sourceTree = "<group>"; };
		DF20776C19FAD819003032A5 /* SnoozeDefaultPickerVC.h */ = {isa = PBXFileReference; fileEncoding = 4; lastKnownFileType = sourcecode.c.h; path = SnoozeDefaultPickerVC.h; sourceTree = "<group>"; };
		DF20776D19FAD81A003032A5 /* SnoozeDefaultPickerVC.m */ = {isa = PBXFileReference; fileEncoding = 4; lastKnownFileType = sourcecode.c.objc; path = SnoozeDefaultPickerVC.m; sourceTree = "<group>"; };
		DF20F2E9198D6C7400583719 /* AlarmTime.h */ = {isa = PBXFileReference; fileEncoding = 4; lastKnownFileType = sourcecode.c.h; path = AlarmTime.h; sourceTree = "<group>"; };
		DF20F2EA198D6C7400583719 /* AlarmTime.m */ = {isa = PBXFileReference; fileEncoding = 4; lastKnownFileType = sourcecode.c.objc; path = AlarmTime.m; sourceTree = "<group>"; };
		DF2C0FEB1AE3254300293D54 /* Flounds Icon v1 114x114.png */ = {isa = PBXFileReference; lastKnownFileType = image.png; path = "Flounds Icon v1 114x114.png"; sourceTree = SOURCE_ROOT; };
		DF4C72161A71ADCD0061DA24 /* CAAnimationCluster.h */ = {isa = PBXFileReference; fileEncoding = 4; lastKnownFileType = sourcecode.c.h; path = CAAnimationCluster.h; sourceTree = "<group>"; };
		DF4C72171A71ADCD0061DA24 /* CAAnimationCluster.m */ = {isa = PBXFileReference; fileEncoding = 4; lastKnownFileType = sourcecode.c.objc; path = CAAnimationCluster.m; sourceTree = "<group>"; };
		DF78E4611A7552DC000C7611 /* CAAnimationFactory.h */ = {isa = PBXFileReference; fileEncoding = 4; lastKnownFileType = sourcecode.c.h; path = CAAnimationFactory.h; sourceTree = "<group>"; };
		DF78E4621A7552DC000C7611 /* CAAnimationFactory.m */ = {isa = PBXFileReference; fileEncoding = 4; lastKnownFileType = sourcecode.c.objc; path = CAAnimationFactory.m; sourceTree = "<group>"; };
		DF78E4641A76E606000C7611 /* AnimationQueueFinishProtocol.h */ = {isa = PBXFileReference; lastKnownFileType = sourcecode.c.h; path = AnimationQueueFinishProtocol.h; sourceTree = "<group>"; };
		DF7927A31AE8409F005E64EA /* Default-568h@2x.png */ = {isa = PBXFileReference; lastKnownFileType = image.png; path = "Default-568h@2x.png"; sourceTree = "<group>"; };
		DF9421681A0AD789001CFCA1 /* SnoozeSetterVC.h */ = {isa = PBXFileReference; fileEncoding = 4; lastKnownFileType = sourcecode.c.h; path = SnoozeSetterVC.h; sourceTree = "<group>"; };
		DF9421691A0AD789001CFCA1 /* SnoozeSetterVC.m */ = {isa = PBXFileReference; fileEncoding = 4; lastKnownFileType = sourcecode.c.objc; path = SnoozeSetterVC.m; sourceTree = "<group>"; };
		DF94216C1A0C1E54001CFCA1 /* SetSnoozeProtocol.h */ = {isa = PBXFileReference; lastKnownFileType = sourcecode.c.h; path = SetSnoozeProtocol.h; sourceTree = "<group>"; };
		DFB3CC9F19FCA0D40084F01C /* ClockViewText.h */ = {isa = PBXFileReference; fileEncoding = 4; lastKnownFileType = sourcecode.c.h; path = ClockViewText.h; sourceTree = "<group>"; };
		DFB3CCA019FCA0D50084F01C /* ClockViewText.m */ = {isa = PBXFileReference; fileEncoding = 4; lastKnownFileType = sourcecode.c.objc; path = ClockViewText.m; sourceTree = "<group>"; };
		DFB3CCA219FEB0E40084F01C /* DifficultySettingsVC.h */ = {isa = PBXFileReference; fileEncoding = 4; lastKnownFileType = sourcecode.c.h; path = DifficultySettingsVC.h; sourceTree = "<group>"; };
		DFB3CCA319FEB0E40084F01C /* DifficultySettingsVC.m */ = {isa = PBXFileReference; fileEncoding = 4; lastKnownFileType = sourcecode.c.objc; path = DifficultySettingsVC.m; sourceTree = "<group>"; };
		DFB3CCA61A03745F0084F01C /* SettingBaseVC.h */ = {isa = PBXFileReference; fileEncoding = 4; lastKnownFileType = sourcecode.c.h; path = SettingBaseVC.h; sourceTree = "<group>"; };
		DFB3CCA71A03745F0084F01C /* SettingBaseVC.m */ = {isa = PBXFileReference; fileEncoding = 4; lastKnownFileType = sourcecode.c.objc; path = SettingBaseVC.m; sourceTree = "<group>"; };
		DFC466D31926B8EE00A793AF /* Flounds.app */ = {isa = PBXFileReference; explicitFileType = wrapper.application; includeInIndex = 0; path = Flounds.app; sourceTree = BUILT_PRODUCTS_DIR; };
		DFC466D61926B8EE00A793AF /* UIKit.framework */ = {isa = PBXFileReference; lastKnownFileType = wrapper.framework; name = UIKit.framework; path = System/Library/Frameworks/UIKit.framework; sourceTree = SDKROOT; };
		DFC466D81926B8EE00A793AF /* Foundation.framework */ = {isa = PBXFileReference; lastKnownFileType = wrapper.framework; name = Foundation.framework; path = System/Library/Frameworks/Foundation.framework; sourceTree = SDKROOT; };
		DFC466DA1926B8EE00A793AF /* CoreGraphics.framework */ = {isa = PBXFileReference; lastKnownFileType = wrapper.framework; name = CoreGraphics.framework; path = System/Library/Frameworks/CoreGraphics.framework; sourceTree = SDKROOT; };
		DFC466DE1926B8EE00A793AF /* Flounds-Info.plist */ = {isa = PBXFileReference; lastKnownFileType = text.plist.xml; path = "Flounds-Info.plist"; sourceTree = "<group>"; };
		DFC466E01926B8EE00A793AF /* en */ = {isa = PBXFileReference; lastKnownFileType = text.plist.strings; name = en; path = en.lproj/InfoPlist.strings; sourceTree = "<group>"; };
		DFC466E21926B8EE00A793AF /* main.m */ = {isa = PBXFileReference; lastKnownFileType = sourcecode.c.objc; path = main.m; sourceTree = "<group>"; };
		DFC466E41926B8EE00A793AF /* Flounds-Prefix.pch */ = {isa = PBXFileReference; lastKnownFileType = sourcecode.c.h; path = "Flounds-Prefix.pch"; sourceTree = "<group>"; };
		DFC466E51926B8EE00A793AF /* AppDelegate.h */ = {isa = PBXFileReference; lastKnownFileType = sourcecode.c.h; path = AppDelegate.h; sourceTree = "<group>"; };
		DFC466E61926B8EE00A793AF /* AppDelegate.m */ = {isa = PBXFileReference; lastKnownFileType = sourcecode.c.objc; path = AppDelegate.m; sourceTree = "<group>"; };
		DFC466E81926B8EE00A793AF /* Default.png */ = {isa = PBXFileReference; lastKnownFileType = image.png; path = Default.png; sourceTree = "<group>"; };
		DFC466EA1926B8EE00A793AF /* Default@2x.png */ = {isa = PBXFileReference; lastKnownFileType = image.png; path = "Default@2x.png"; sourceTree = "<group>"; };
		DFC466EC1926B8EE00A793AF /* Default-568h@2x.png */ = {isa = PBXFileReference; lastKnownFileType = image.png; path = "Default-568h@2x.png"; sourceTree = "<group>"; };
		DFC466F31926B91D00A793AF /* FloundsUniversal.Storyboard */ = {isa = PBXFileReference; fileEncoding = 4; lastKnownFileType = file.storyboard; path = FloundsUniversal.Storyboard; sourceTree = "<group>"; };
		DFC466F51926BBF300A793AF /* PatternMakerVC.h */ = {isa = PBXFileReference; fileEncoding = 4; lastKnownFileType = sourcecode.c.h; path = PatternMakerVC.h; sourceTree = "<group>"; };
		DFC466F61926BBF300A793AF /* PatternMakerVC.m */ = {isa = PBXFileReference; fileEncoding = 4; lastKnownFileType = sourcecode.c.objc; path = PatternMakerVC.m; sourceTree = "<group>"; };
		DFC466FB1927EBDD00A793AF /* BezierShape.h */ = {isa = PBXFileReference; fileEncoding = 4; lastKnownFileType = sourcecode.c.h; path = BezierShape.h; sourceTree = "<group>"; };
		DFC466FC1927EBDD00A793AF /* BezierShape.m */ = {isa = PBXFileReference; fileEncoding = 4; lastKnownFileType = sourcecode.c.objc; path = BezierShape.m; sourceTree = "<group>"; };
		DFC466FE1927F2FB00A793AF /* CircleBezierShape.h */ = {isa = PBXFileReference; fileEncoding = 4; lastKnownFileType = sourcecode.c.h; path = CircleBezierShape.h; sourceTree = "<group>"; };
		DFC466FF1927F2FB00A793AF /* CircleBezierShape.m */ = {isa = PBXFileReference; fileEncoding = 4; lastKnownFileType = sourcecode.c.objc; path = CircleBezierShape.m; sourceTree = "<group>"; };
		DFC46701192A932B00A793AF /* ShapeView.h */ = {isa = PBXFileReference; fileEncoding = 4; lastKnownFileType = sourcecode.c.h; path = ShapeView.h; sourceTree = "<group>"; };
		DFC46702192A932C00A793AF /* ShapeView.m */ = {isa = PBXFileReference; fileEncoding = 4; lastKnownFileType = sourcecode.c.objc; path = ShapeView.m; sourceTree = "<group>"; };
		DFC4670B192D184900A793AF /* FloundsModel.h */ = {isa = PBXFileReference; fileEncoding = 4; lastKnownFileType = sourcecode.c.h; path = FloundsModel.h; sourceTree = "<group>"; };
		DFC4670C192D184900A793AF /* FloundsModel.m */ = {isa = PBXFileReference; fileEncoding = 4; lastKnownFileType = sourcecode.c.objc; path = FloundsModel.m; sourceTree = "<group>"; };
		DFC4670E192EA54F00A793AF /* QuartzCore.framework */ = {isa = PBXFileReference; lastKnownFileType = wrapper.framework; name = QuartzCore.framework; path = System/Library/Frameworks/QuartzCore.framework; sourceTree = SDKROOT; };
		DFC46710192FDF8800A793AF /* BezierShapeLayer.h */ = {isa = PBXFileReference; fileEncoding = 4; lastKnownFileType = sourcecode.c.h; path = BezierShapeLayer.h; sourceTree = "<group>"; };
		DFC46711192FDF8900A793AF /* BezierShapeLayer.m */ = {isa = PBXFileReference; fileEncoding = 4; lastKnownFileType = sourcecode.c.objc; path = BezierShapeLayer.m; sourceTree = "<group>"; };
		DFC467131930862700A793AF /* BezierShapeLayerDelegate.h */ = {isa = PBXFileReference; fileEncoding = 4; lastKnownFileType = sourcecode.c.h; path = BezierShapeLayerDelegate.h; sourceTree = "<group>"; };
		DFC467141930862800A793AF /* BezierShapeLayerDelegate.m */ = {isa = PBXFileReference; fileEncoding = 4; lastKnownFileType = sourcecode.c.objc; path = BezierShapeLayerDelegate.m; sourceTree = "<group>"; };
		DFDF71891A23D07100689944 /* EllipseBezierShape.h */ = {isa = PBXFileReference; fileEncoding = 4; lastKnownFileType = sourcecode.c.h; path = EllipseBezierShape.h; sourceTree = "<group>"; };
		DFDF718A1A23D07200689944 /* EllipseBezierShape.m */ = {isa = PBXFileReference; fileEncoding = 4; lastKnownFileType = sourcecode.c.objc; path = EllipseBezierShape.m; sourceTree = "<group>"; };
		DFE59B531960B1A100C3952B /* AlarmTimeCell.h */ = {isa = PBXFileReference; fileEncoding = 4; lastKnownFileType = sourcecode.c.h; path = AlarmTimeCell.h; sourceTree = "<group>"; };
		DFE59B541960B1A100C3952B /* AlarmTimeCell.m */ = {isa = PBXFileReference; fileEncoding = 4; lastKnownFileType = sourcecode.c.objc; path = AlarmTimeCell.m; sourceTree = "<group>"; };
		DFE59B5919687EB300C3952B /* AlarmSetterVC.h */ = {isa = PBXFileReference; fileEncoding = 4; lastKnownFileType = sourcecode.c.h; path = AlarmSetterVC.h; sourceTree = "<group>"; };
		DFE59B5A19687EB300C3952B /* AlarmSetterVC.m */ = {isa = PBXFileReference; fileEncoding = 4; lastKnownFileType = sourcecode.c.objc; path = AlarmSetterVC.m; sourceTree = "<group>"; };
		DFE59B5D1968820B00C3952B /* CoreData.framework */ = {isa = PBXFileReference; lastKnownFileType = wrapper.framework; name = CoreData.framework; path = System/Library/Frameworks/CoreData.framework; sourceTree = SDKROOT; };
		DFE59B62196A426700C3952B /* AlarmClockModel.h */ = {isa = PBXFileReference; fileEncoding = 4; lastKnownFileType = sourcecode.c.h; path = AlarmClockModel.h; sourceTree = "<group>"; };
		DFE59B63196A426700C3952B /* AlarmClockModel.m */ = {isa = PBXFileReference; fileEncoding = 4; lastKnownFileType = sourcecode.c.objc; path = AlarmClockModel.m; sourceTree = "<group>"; };
		DFEEB51C194D03710001B4B7 /* CoreImage.framework */ = {isa = PBXFileReference; lastKnownFileType = wrapper.framework; name = CoreImage.framework; path = System/Library/Frameworks/CoreImage.framework; sourceTree = SDKROOT; };
		DFEEB521195667910001B4B7 /* AlarmClockVC.h */ = {isa = PBXFileReference; fileEncoding = 4; lastKnownFileType = sourcecode.c.h; path = AlarmClockVC.h; sourceTree = "<group>"; };
		DFEEB522195667910001B4B7 /* AlarmClockVC.m */ = {isa = PBXFileReference; fileEncoding = 4; lastKnownFileType = sourcecode.c.objc; path = AlarmClockVC.m; sourceTree = "<group>"; };
		DFF0C0E01A9A29A600370D56 /* TryFloundsSplashVC.h */ = {isa = PBXFileReference; fileEncoding = 4; lastKnownFileType = sourcecode.c.h; path = TryFloundsSplashVC.h; sourceTree = "<group>"; };
		DFF0C0E11A9A29A600370D56 /* TryFloundsSplashVC.m */ = {isa = PBXFileReference; fileEncoding = 4; lastKnownFileType = sourcecode.c.objc; path = TryFloundsSplashVC.m; sourceTree = "<group>"; };
		DFF0C0E31AA3E58000370D56 /* CoreText.framework */ = {isa = PBXFileReference; lastKnownFileType = wrapper.framework; name = CoreText.framework; path = System/Library/Frameworks/CoreText.framework; sourceTree = SDKROOT; };
/* End PBXFileReference section */

/* Begin PBXFrameworksBuildPhase section */
		DFC466D01926B8EE00A793AF /* Frameworks */ = {
			isa = PBXFrameworksBuildPhase;
			buildActionMask = 2147483647;
			files = (
				DFF0C0E41AA3E58000370D56 /* CoreText.framework in Frameworks */,
				DF1796821A1AAA8B00E1BF3B /* AVFoundation.framework in Frameworks */,
				DFE59B5E1968820B00C3952B /* CoreData.framework in Frameworks */,
				DFEEB51D194D03710001B4B7 /* CoreImage.framework in Frameworks */,
				DFC4670F192EA54F00A793AF /* QuartzCore.framework in Frameworks */,
				DFC466D71926B8EE00A793AF /* UIKit.framework in Frameworks */,
				DFC466D91926B8EE00A793AF /* Foundation.framework in Frameworks */,
				DFC466DB1926B8EE00A793AF /* CoreGraphics.framework in Frameworks */,
			);
			runOnlyForDeploymentPostprocessing = 0;
		};
/* End PBXFrameworksBuildPhase section */

/* Begin PBXGroup section */
		C12767E01B2D4B03003ED4ED /* Bezier Shapes */ = {
			isa = PBXGroup;
			children = (
				DFC466FB1927EBDD00A793AF /* BezierShape.h */,
				DFC466FC1927EBDD00A793AF /* BezierShape.m */,
				DFC466FE1927F2FB00A793AF /* CircleBezierShape.h */,
				DFC466FF1927F2FB00A793AF /* CircleBezierShape.m */,
				DFDF71891A23D07100689944 /* EllipseBezierShape.h */,
				DFDF718A1A23D07200689944 /* EllipseBezierShape.m */,
				DF0217DA19EC9672002BF4D3 /* TriangleBezierShape.h */,
				DF0217DB19EC9673002BF4D3 /* TriangleBezierShape.m */,
				DF0217D119EC9304002BF4D3 /* SquareBezierShape.h */,
				DF0217D219EC9304002BF4D3 /* SquareBezierShape.m */,
				DF0217D719EC9650002BF4D3 /* PentagonBezierShape.h */,
				DF0217D819EC9651002BF4D3 /* PentagonBezierShape.m */,
				C12767E11B2D4BBA003ED4ED /* HexagonBezierShape.h */,
				C12767E21B2D4BBA003ED4ED /* HexagonBezierShape.m */,
				C12767E71B2D4CE1003ED4ED /* HeptagonBezierShape.h */,
				C12767E81B2D4CE1003ED4ED /* HeptagonBezierShape.m */,
				C12767DD1B2D2B7E003ED4ED /* OctagonBezierShape.h */,
				C12767DE1B2D2B7E003ED4ED /* OctagonBezierShape.m */,
			);
			name = "Bezier Shapes";
			sourceTree = "<group>";
		};
		C1BF6B481BEE67640059B22E /* Alarm Time Interface Classes */ = {
			isa = PBXGroup;
			children = (
				DFEEB521195667910001B4B7 /* AlarmClockVC.h */,
				DFEEB522195667910001B4B7 /* AlarmClockVC.m */,
				C1F46F0E1BDE9C15005E52E8 /* DeactivateSnoozeProtocol.h */,
				DFB3CC9F19FCA0D40084F01C /* ClockViewText.h */,
				DFB3CCA019FCA0D50084F01C /* ClockViewText.m */,
				DFE59B531960B1A100C3952B /* AlarmTimeCell.h */,
				DFE59B541960B1A100C3952B /* AlarmTimeCell.m */,
				DFE59B5919687EB300C3952B /* AlarmSetterVC.h */,
				DFE59B5A19687EB300C3952B /* AlarmSetterVC.m */,
				C1C28F5C1BD32835009B0F99 /* FloundsDatePickerView.h */,
				C1C28F5D1BD32835009B0F99 /* FloundsDatePickerView.m */,
				C138351A1BC5EE8900BDB658 /* VerticallyCenteredTextView.h */,
				C138351B1BC5EE8900BDB658 /* VerticallyCenteredTextView.m */,
				DF94216C1A0C1E54001CFCA1 /* SetSnoozeProtocol.h */,
				DF9421681A0AD789001CFCA1 /* SnoozeSetterVC.h */,
				DF9421691A0AD789001CFCA1 /* SnoozeSetterVC.m */,
				C1F46F151BE040EB005E52E8 /* SetAlarmSoundProtocol.h */,
				C1F46F0F1BDEA771005E52E8 /* AlarmSoundSetterVC.h */,
				C1F46F101BDEA771005E52E8 /* AlarmSoundSetterVC.m */,
			);
			name = "Alarm Time Interface Classes";
			sourceTree = "<group>";
		};
		C1BF6B491BEE80A40059B22E /* Pattern Snooze Model Classes */ = {
			isa = PBXGroup;
			children = (
				DFC4670B192D184900A793AF /* FloundsModel.h */,
				DFC4670C192D184900A793AF /* FloundsModel.m */,
			);
			name = "Pattern Snooze Model Classes";
			sourceTree = "<group>";
		};
		C1BF6B4A1BEE81FB0059B22E /* Factory and Utility Classes */ = {
			isa = PBXGroup;
			children = (
				DF78E4611A7552DC000C7611 /* CAAnimationFactory.h */,
				DF78E4621A7552DC000C7611 /* CAAnimationFactory.m */,
				DF0217D419EC9604002BF4D3 /* BezierShapeFactory.h */,
				DF0217D519EC9605002BF4D3 /* BezierShapeFactory.m */,
				DF0217CD19E36965002BF4D3 /* NSDateUtility.h */,
				DF0217CE19E36966002BF4D3 /* NSDateUtility.m */,
			);
			name = "Factory and Utility Classes";
			sourceTree = "<group>";
		};
		C1E89E971BC9DDF400FA26A8 /* Flounds Appearance */ = {
			isa = PBXGroup;
			children = (
				C179370A1BC097E100800325 /* FloundsAppearanceUtility.h */,
				C179370B1BC097E100800325 /* FloundsAppearanceUtility.m */,
				C17936FB1BBC766F00800325 /* FloundsViewConstants.h */,
				C17936FC1BBC766F00800325 /* FloundsViewConstants.m */,
				C17937071BC0824E00800325 /* FloundsShapeLayer.h */,
				C17937081BC0824E00800325 /* FloundsShapeLayer.m */,
				C1B98D6E1B51FCA700201FAD /* FloundsButton.h */,
				C1B98D6F1B51FCA700201FAD /* FloundsButton.m */,
				C17D23DD1B5EE490005CE89A /* DismissContainingVCProtocol.h */,
				C1A678531B8A1B8D00785560 /* FloundsButtonUnwindProtocol.h */,
				C1E89E981BC9DE7E00FA26A8 /* FloundsUserInteractionSegueProtocol.h */,
				C17D23DE1B716862005CE89A /* FloundsButtonSegue.h */,
				C17D23DF1B716862005CE89A /* FloundsButtonSegue.m */,
				C1A678541B95400400785560 /* FloundsVCBase.h */,
				C1A678551B95400400785560 /* FloundsVCBase.m */,
				C17936FE1BBC7C0A00800325 /* FloundsTVCell.h */,
				C17936FF1BBC7C0A00800325 /* FloundsTVCell.m */,
				C1F46F121BDEAA63005E52E8 /* FloundsAlarmSoundChooserVCBase.h */,
				C1F46F131BDEAA63005E52E8 /* FloundsAlarmSoundChooserVCBase.m */,
			);
			name = "Flounds Appearance";
			sourceTree = "<group>";
		};
		DF0217CB19D8D6D4002BF4D3 /* Alarm Time Model Classes */ = {
			isa = PBXGroup;
			children = (
				DFE59B62196A426700C3952B /* AlarmClockModel.h */,
				DFE59B63196A426700C3952B /* AlarmClockModel.m */,
				DF20F2E9198D6C7400583719 /* AlarmTime.h */,
				DF20F2EA198D6C7400583719 /* AlarmTime.m */,
			);
			name = "Alarm Time Model Classes";
			sourceTree = "<group>";
		};
		DF0217CC19D8D737002BF4D3 /* Pattern Snooze Interface Classes */ = {
			isa = PBXGroup;
			children = (
				DF0217D019E88C8F002BF4D3 /* ModalPatternMakerDelegate.h */,
				DFC466F51926BBF300A793AF /* PatternMakerVC.h */,
				DFC466F61926BBF300A793AF /* PatternMakerVC.m */,
				DFC467131930862700A793AF /* BezierShapeLayerDelegate.h */,
				DFC467141930862800A793AF /* BezierShapeLayerDelegate.m */,
				DFC46701192A932B00A793AF /* ShapeView.h */,
				DFC46702192A932C00A793AF /* ShapeView.m */,
				DF78E4641A76E606000C7611 /* AnimationQueueFinishProtocol.h */,
				DF09C3AC1A5094E200488EED /* BezierLayerManager.h */,
				DF09C3AD1A5094E300488EED /* BezierLayerManager.m */,
				DF4C72161A71ADCD0061DA24 /* CAAnimationCluster.h */,
				DF4C72171A71ADCD0061DA24 /* CAAnimationCluster.m */,
				DFC46710192FDF8800A793AF /* BezierShapeLayer.h */,
				DFC46711192FDF8900A793AF /* BezierShapeLayer.m */,
				C12767E01B2D4B03003ED4ED /* Bezier Shapes */,
			);
			name = "Pattern Snooze Interface Classes";
			sourceTree = "<group>";
		};
		DF1796831A1AAC5C00E1BF3B /* Alarm Sounds */ = {
			isa = PBXGroup;
			children = (
			);
			name = "Alarm Sounds";
			sourceTree = "<group>";
		};
		DF1796861A1BECC700E1BF3B /* Alarm Sounds */ = {
			isa = PBXGroup;
			children = (
				DF1796871A1BECEE00E1BF3B /* AlarmSoundManager.h */,
				DF1796881A1BECEE00E1BF3B /* AlarmSoundManager.m */,
				C193DA9C1BD9F0DE002C0DD1 /* AlarmSound.h */,
				C193DA9D1BD9F0DE002C0DD1 /* AlarmSound.m */,
				C1BF6B2D1BEC7F640059B22E /* 20 nmi.txt */,
				C1BF6B2E1BEC7F640059B22E /* Analog.txt */,
				C1BF6B2F1BEC7F640059B22E /* Bell - Brass.txt */,
				C1BF6B301BEC7F640059B22E /* Bell - Huge.txt */,
				C1BF6B311BEC7F640059B22E /* Bell - Small.txt */,
				C1BF6B321BEC7F640059B22E /* Bell - Zen.txt */,
				C1BF6B331BEC7F640059B22E /* Blip.txt */,
				C1BF6B341BEC7F640059B22E /* Dubya.txt */,
				C1BF6B351BEC7F640059B22E /* Gentex.txt */,
				C1BF6B361BEC7F640059B22E /* Gosh Darn.txt */,
				C1BF6B371BEC7F640059B22E /* Penny Death.txt */,
				C1BF6B381BEC7F640059B22E /* Tin Can.txt */,
				C19DDBFD1BE1B3C000839A6D /* 20 nmi.wav */,
				C19DDBFE1BE1B3C000839A6D /* Analog.wav */,
				C19DDBFF1BE1B3C000839A6D /* Bell - Brass.wav */,
				C19DDC001BE1B3C000839A6D /* Bell - Huge.wav */,
				C19DDC011BE1B3C000839A6D /* Bell - Small.wav */,
				C19DDC021BE1B3C000839A6D /* Bell - Zen.wav */,
				C19DDC031BE1B3C000839A6D /* Blip.wav */,
				C19DDC041BE1B3C000839A6D /* Dubya.wav */,
				C19DDC051BE1B3C000839A6D /* Gentex.wav */,
				C19DDC061BE1B3C000839A6D /* Gosh Darn.wav */,
				C19DDC071BE1B3C000839A6D /* Penny Death.wav */,
				C19DDC081BE1B3C000839A6D /* Tin Can.wav */,
			);
			name = "Alarm Sounds";
			sourceTree = "<group>";
		};
		DF20776819FA36A3003032A5 /* Settings */ = {
			isa = PBXGroup;
			children = (
				DF20776919FA36BF003032A5 /* SettingsVC.h */,
				DF20776A19FA36BF003032A5 /* SettingsVC.m */,
				DFB3CCA61A03745F0084F01C /* SettingBaseVC.h */,
				DFB3CCA71A03745F0084F01C /* SettingBaseVC.m */,
				DF20776C19FAD819003032A5 /* SnoozeDefaultPickerVC.h */,
				DF20776D19FAD81A003032A5 /* SnoozeDefaultPickerVC.m */,
				DFB3CCA219FEB0E40084F01C /* DifficultySettingsVC.h */,
				DFB3CCA319FEB0E40084F01C /* DifficultySettingsVC.m */,
				C14C57031B3FA24F005E72EE /* SliderUpdateSuperViewProtocol.h */,
				DF0632CD1A817F6D00DE2AD2 /* SnapTickSlider.h */,
				DF0632CE1A817F6E00DE2AD2 /* SnapTickSlider.m */,
				DFF0C0E01A9A29A600370D56 /* TryFloundsSplashVC.h */,
				DFF0C0E11A9A29A600370D56 /* TryFloundsSplashVC.m */,
				C19DDC151BE1C06B00839A6D /* AbortNoticeVC.h */,
				C19DDC161BE1C06B00839A6D /* AbortNoticeVC.m */,
				C19DDC181BE2A89B00839A6D /* AbortNoticeLabel.h */,
				C19DDC191BE2A89B00839A6D /* AbortNoticeLabel.m */,
				C1BF6B451BED84010059B22E /* LeftRightMarginLabel.h */,
				C1BF6B461BED84010059B22E /* LeftRightMarginLabel.m */,
				C1C28F591BD1D853009B0F99 /* AlarmSoundDefaultChooserVC.h */,
				C1C28F5A1BD1D853009B0F99 /* AlarmSoundDefaultChooserVC.m */,
				C177C63A1BE2EE4300660526 /* AlarmSoundTVCell.h */,
				C177C63B1BE2EE4300660526 /* AlarmSoundTVCell.m */,
				C14F7AFF1BE463C900308CE5 /* AlarmSoundInfoVC.h */,
				C14F7B001BE463CA00308CE5 /* AlarmSoundInfoVC.m */,
				C14F7B021BE4861500308CE5 /* PlayStopSoundButton.h */,
				C14F7B031BE4861600308CE5 /* PlayStopSoundButton.m */,
			);
			name = Settings;
			sourceTree = "<group>";
		};
		DF2C0FEF1AE3298700293D54 /* Artwork */ = {
			isa = PBXGroup;
			children = (
				C1F0C3851BE2CFF7001C6FBC /* WhiteTickMark.png */,
				C1F0C3871BE2D099001C6FBC /* WhiteTickMark@2x.png */,
				C1F0C3891BE2D34A001C6FBC /* FloundsIcon.png */,
				C1F0C38A1BE2D34A001C6FBC /* FloundsIcon@2x.png */,
				DF2C0FEB1AE3254300293D54 /* Flounds Icon v1 114x114.png */,
			);
			name = Artwork;
			sourceTree = "<group>";
		};
		DFC466CA1926B8EE00A793AF = {
			isa = PBXGroup;
			children = (
				C1A59A4E1BB05B6400BD4DF3 /* Flounds To-Do.rtf */,
				DF7927A31AE8409F005E64EA /* Default-568h@2x.png */,
				DFF0C0E31AA3E58000370D56 /* CoreText.framework */,
				DF1796811A1AAA8A00E1BF3B /* AVFoundation.framework */,
				DFE59B5D1968820B00C3952B /* CoreData.framework */,
				DFEEB51C194D03710001B4B7 /* CoreImage.framework */,
				DFC4670E192EA54F00A793AF /* QuartzCore.framework */,
				DFC466DC1926B8EE00A793AF /* Flounds */,
				DFC466D51926B8EE00A793AF /* Frameworks */,
				DFC466D41926B8EE00A793AF /* Products */,
			);
			sourceTree = "<group>";
		};
		DFC466D41926B8EE00A793AF /* Products */ = {
			isa = PBXGroup;
			children = (
				DFC466D31926B8EE00A793AF /* Flounds.app */,
			);
			name = Products;
			sourceTree = "<group>";
		};
		DFC466D51926B8EE00A793AF /* Frameworks */ = {
			isa = PBXGroup;
			children = (
				DFC466D61926B8EE00A793AF /* UIKit.framework */,
				DFC466D81926B8EE00A793AF /* Foundation.framework */,
				DFC466DA1926B8EE00A793AF /* CoreGraphics.framework */,
			);
			name = Frameworks;
			sourceTree = "<group>";
		};
		DFC466DC1926B8EE00A793AF /* Flounds */ = {
			isa = PBXGroup;
			children = (
				DFC466E51926B8EE00A793AF /* AppDelegate.h */,
				DFC466E61926B8EE00A793AF /* AppDelegate.m */,
				C1F0C38D1BE2D52D001C6FBC /* Artwork.xcassets */,
				C1F0C38F1BE2DA3B001C6FBC /* LaunchScreen.storyboard */,
				DFC466F31926B91D00A793AF /* FloundsUniversal.Storyboard */,
				C1E89E971BC9DDF400FA26A8 /* Flounds Appearance */,
				C1BF6B4A1BEE81FB0059B22E /* Factory and Utility Classes */,
				DF0217CB19D8D6D4002BF4D3 /* Alarm Time Model Classes */,
				C1BF6B481BEE67640059B22E /* Alarm Time Interface Classes */,
				C1BF6B491BEE80A40059B22E /* Pattern Snooze Model Classes */,
				DF0217CC19D8D737002BF4D3 /* Pattern Snooze Interface Classes */,
				DF20776819FA36A3003032A5 /* Settings */,
				DF1796861A1BECC700E1BF3B /* Alarm Sounds */,
				DFC466DD1926B8EE00A793AF /* Supporting Files */,
			);
			path = Flounds;
			sourceTree = "<group>";
		};
		DFC466DD1926B8EE00A793AF /* Supporting Files */ = {
			isa = PBXGroup;
			children = (
				DF1796831A1AAC5C00E1BF3B /* Alarm Sounds */,
				DF2C0FEF1AE3298700293D54 /* Artwork */,
				DF20776619F9A03E003032A5 /* engine-153649_640.png */,
				DFC466DE1926B8EE00A793AF /* Flounds-Info.plist */,
				DFC466DF1926B8EE00A793AF /* InfoPlist.strings */,
				DFC466E21926B8EE00A793AF /* main.m */,
				DFC466E41926B8EE00A793AF /* Flounds-Prefix.pch */,
				DFC466E81926B8EE00A793AF /* Default.png */,
				DFC466EA1926B8EE00A793AF /* Default@2x.png */,
				DFC466EC1926B8EE00A793AF /* Default-568h@2x.png */,
			);
			name = "Supporting Files";
			sourceTree = "<group>";
		};
/* End PBXGroup section */

/* Begin PBXNativeTarget section */
		DFC466D21926B8EE00A793AF /* Flounds */ = {
			isa = PBXNativeTarget;
			buildConfigurationList = DFC466F01926B8EE00A793AF /* Build configuration list for PBXNativeTarget "Flounds" */;
			buildPhases = (
				DFC466CF1926B8EE00A793AF /* Sources */,
				DFC466D01926B8EE00A793AF /* Frameworks */,
				DFC466D11926B8EE00A793AF /* Resources */,
			);
			buildRules = (
			);
			dependencies = (
			);
			name = Flounds;
			productName = Flounds;
			productReference = DFC466D31926B8EE00A793AF /* Flounds.app */;
			productType = "com.apple.product-type.application";
		};
/* End PBXNativeTarget section */

/* Begin PBXProject section */
		DFC466CB1926B8EE00A793AF /* Project object */ = {
			isa = PBXProject;
			attributes = {
				LastUpgradeCheck = 0700;
				ORGANIZATIONNAME = "Paul Rest";
				TargetAttributes = {
					DFC466D21926B8EE00A793AF = {
						DevelopmentTeam = 47J8W463X4;
						SystemCapabilities = {
							com.apple.BackgroundModes = {
								enabled = 0;
							};
						};
					};
				};
			};
			buildConfigurationList = DFC466CE1926B8EE00A793AF /* Build configuration list for PBXProject "Flounds" */;
			compatibilityVersion = "Xcode 3.2";
			developmentRegion = English;
			hasScannedForEncodings = 0;
			knownRegions = (
				en,
			);
			mainGroup = DFC466CA1926B8EE00A793AF;
			productRefGroup = DFC466D41926B8EE00A793AF /* Products */;
			projectDirPath = "";
			projectRoot = "";
			targets = (
				DFC466D21926B8EE00A793AF /* Flounds */,
			);
		};
/* End PBXProject section */

/* Begin PBXResourcesBuildPhase section */
		DFC466D11926B8EE00A793AF /* Resources */ = {
			isa = PBXResourcesBuildPhase;
			buildActionMask = 2147483647;
			files = (
				DFC466E11926B8EE00A793AF /* InfoPlist.strings in Resources */,
				DFC466F41926B91D00A793AF /* FloundsUniversal.Storyboard in Resources */,
				C1F0C3861BE2CFF7001C6FBC /* WhiteTickMark.png in Resources */,
				C19DDC0B1BE1B3C000839A6D /* Bell - Brass.wav in Resources */,
				C19DDC141BE1B3C000839A6D /* Tin Can.wav in Resources */,
				C1A59A4F1BB05B6400BD4DF3 /* Flounds To-Do.rtf in Resources */,
				C1BF6B3C1BEC7F640059B22E /* Bell - Huge.txt in Resources */,
				C19DDC101BE1B3C000839A6D /* Dubya.wav in Resources */,
				C19DDC0D1BE1B3C000839A6D /* Bell - Small.wav in Resources */,
				DF20776719F9A03E003032A5 /* engine-153649_640.png in Resources */,
				C1BF6B441BEC7F640059B22E /* Tin Can.txt in Resources */,
				C1F0C3881BE2D099001C6FBC /* WhiteTickMark@2x.png in Resources */,
				C1F0C38B1BE2D34A001C6FBC /* FloundsIcon.png in Resources */,
				C1BF6B401BEC7F640059B22E /* Dubya.txt in Resources */,
				DF7187C31AE8478E0088CBBE /* Default-568h@2x.png in Resources */,
				C19DDC131BE1B3C000839A6D /* Penny Death.wav in Resources */,
				C1BF6B3B1BEC7F640059B22E /* Bell - Brass.txt in Resources */,
				C1BF6B391BEC7F640059B22E /* 20 nmi.txt in Resources */,
				C1F0C38E1BE2D52D001C6FBC /* Artwork.xcassets in Resources */,
				C19DDC121BE1B3C000839A6D /* Gosh Darn.wav in Resources */,
				C1BF6B431BEC7F640059B22E /* Penny Death.txt in Resources */,
				C19DDC091BE1B3C000839A6D /* 20 nmi.wav in Resources */,
				C1F0C38C1BE2D34A001C6FBC /* FloundsIcon@2x.png in Resources */,
				C1BF6B3D1BEC7F640059B22E /* Bell - Small.txt in Resources */,
				C19DDC0F1BE1B3C000839A6D /* Blip.wav in Resources */,
				C1F0C3901BE2DA3B001C6FBC /* LaunchScreen.storyboard in Resources */,
				C1BF6B3E1BEC7F640059B22E /* Bell - Zen.txt in Resources */,
				C1BF6B3A1BEC7F640059B22E /* Analog.txt in Resources */,
				C19DDC0A1BE1B3C000839A6D /* Analog.wav in Resources */,
				C1BF6B411BEC7F640059B22E /* Gentex.txt in Resources */,
				DF7187C41AE8498D0088CBBE /* Flounds Icon v1 114x114.png in Resources */,
				C1BF6B421BEC7F640059B22E /* Gosh Darn.txt in Resources */,
				C19DDC0E1BE1B3C000839A6D /* Bell - Zen.wav in Resources */,
				C19DDC0C1BE1B3C000839A6D /* Bell - Huge.wav in Resources */,
				C1BF6B3F1BEC7F640059B22E /* Blip.txt in Resources */,
				C19DDC111BE1B3C000839A6D /* Gentex.wav in Resources */,
			);
			runOnlyForDeploymentPostprocessing = 0;
		};
/* End PBXResourcesBuildPhase section */

/* Begin PBXSourcesBuildPhase section */
		DFC466CF1926B8EE00A793AF /* Sources */ = {
			isa = PBXSourcesBuildPhase;
			buildActionMask = 2147483647;
			files = (
				C14F7B011BE463CA00308CE5 /* AlarmSoundInfoVC.m in Sources */,
				C17D23E01B716862005CE89A /* FloundsButtonSegue.m in Sources */,
				C1C28F5E1BD32835009B0F99 /* FloundsDatePickerView.m in Sources */,
				DFC466E31926B8EE00A793AF /* main.m in Sources */,
				C12767E31B2D4BBA003ED4ED /* HexagonBezierShape.m in Sources */,
				DFC466E71926B8EE00A793AF /* AppDelegate.m in Sources */,
				DFC466F71926BBF300A793AF /* PatternMakerVC.m in Sources */,
				C19DDC171BE1C06B00839A6D /* AbortNoticeVC.m in Sources */,
				C1B98D701B51FCA700201FAD /* FloundsButton.m in Sources */,
				DFC466FD1927EBDD00A793AF /* BezierShape.m in Sources */,
				DFC467001927F2FB00A793AF /* CircleBezierShape.m in Sources */,
				DFC46703192A932D00A793AF /* ShapeView.m in Sources */,
				DFC4670D192D184900A793AF /* FloundsModel.m in Sources */,
				DFC46712192FDF8900A793AF /* BezierShapeLayer.m in Sources */,
				DFC467151930862900A793AF /* BezierShapeLayerDelegate.m in Sources */,
				C12767DF1B2D2B7E003ED4ED /* OctagonBezierShape.m in Sources */,
				C179370C1BC097E100800325 /* FloundsAppearanceUtility.m in Sources */,
				C19DDC1A1BE2A89B00839A6D /* AbortNoticeLabel.m in Sources */,
				DFEEB523195667920001B4B7 /* AlarmClockVC.m in Sources */,
				C138351C1BC5EE8900BDB658 /* VerticallyCenteredTextView.m in Sources */,
				DFE59B551960B1A100C3952B /* AlarmTimeCell.m in Sources */,
				C12767E91B2D4CE1003ED4ED /* HeptagonBezierShape.m in Sources */,
				DFE59B5B19687EB300C3952B /* AlarmSetterVC.m in Sources */,
				DFE59B64196A426700C3952B /* AlarmClockModel.m in Sources */,
				DF20F2EB198D6C7400583719 /* AlarmTime.m in Sources */,
				DF0217CF19E36967002BF4D3 /* NSDateUtility.m in Sources */,
				DF0217D319EC9306002BF4D3 /* SquareBezierShape.m in Sources */,
				DF0217D619EC9607002BF4D3 /* BezierShapeFactory.m in Sources */,
				DF0217D919EC9653002BF4D3 /* PentagonBezierShape.m in Sources */,
				DF0217DC19EC9674002BF4D3 /* TriangleBezierShape.m in Sources */,
				DF20776B19FA36BF003032A5 /* SettingsVC.m in Sources */,
				DF20776E19FAD81A003032A5 /* SnoozeDefaultPickerVC.m in Sources */,
				DFB3CCA119FCA0D50084F01C /* ClockViewText.m in Sources */,
				C17937091BC0824E00800325 /* FloundsShapeLayer.m in Sources */,
				DFB3CCA419FEB0E40084F01C /* DifficultySettingsVC.m in Sources */,
				C1A678561B95400500785560 /* FloundsVCBase.m in Sources */,
				DFB3CCA81A03745F0084F01C /* SettingBaseVC.m in Sources */,
				C177C63C1BE2EE4300660526 /* AlarmSoundTVCell.m in Sources */,
				C17936FD1BBC766F00800325 /* FloundsViewConstants.m in Sources */,
				C1C28F5B1BD1D853009B0F99 /* AlarmSoundDefaultChooserVC.m in Sources */,
				C1BF6B471BED84010059B22E /* LeftRightMarginLabel.m in Sources */,
				C14F7B041BE4861600308CE5 /* PlayStopSoundButton.m in Sources */,
				DF94216A1A0AD78A001CFCA1 /* SnoozeSetterVC.m in Sources */,
				DF1796891A1BECEE00E1BF3B /* AlarmSoundManager.m in Sources */,
				DFDF718B1A23D07300689944 /* EllipseBezierShape.m in Sources */,
				DF09C3AE1A5094E500488EED /* BezierLayerManager.m in Sources */,
				C17937001BBC7C0A00800325 /* FloundsTVCell.m in Sources */,
				DF4C72181A71ADCD0061DA24 /* CAAnimationCluster.m in Sources */,
				DF78E4631A7552DC000C7611 /* CAAnimationFactory.m in Sources */,
				DF0632CF1A817F6E00DE2AD2 /* SnapTickSlider.m in Sources */,
				DFF0C0E21A9A29A600370D56 /* TryFloundsSplashVC.m in Sources */,
				C1F46F141BDEAA63005E52E8 /* FloundsAlarmSoundChooserVCBase.m in Sources */,
				C193DA9E1BD9F0DE002C0DD1 /* AlarmSound.m in Sources */,
				C1F46F111BDEA771005E52E8 /* AlarmSoundSetterVC.m in Sources */,
			);
			runOnlyForDeploymentPostprocessing = 0;
		};
/* End PBXSourcesBuildPhase section */

/* Begin PBXVariantGroup section */
		DFC466DF1926B8EE00A793AF /* InfoPlist.strings */ = {
			isa = PBXVariantGroup;
			children = (
				DFC466E01926B8EE00A793AF /* en */,
			);
			name = InfoPlist.strings;
			sourceTree = "<group>";
		};
/* End PBXVariantGroup section */

/* Begin XCBuildConfiguration section */
		DFC466EE1926B8EE00A793AF /* Debug */ = {
			isa = XCBuildConfiguration;
			buildSettings = {
				ALWAYS_SEARCH_USER_PATHS = NO;
				CLANG_CXX_LANGUAGE_STANDARD = "gnu++0x";
				CLANG_CXX_LIBRARY = "libc++";
				CLANG_ENABLE_OBJC_ARC = YES;
				CLANG_WARN_CONSTANT_CONVERSION = YES;
				CLANG_WARN_EMPTY_BODY = YES;
				CLANG_WARN_ENUM_CONVERSION = YES;
				CLANG_WARN_INT_CONVERSION = YES;
				CLANG_WARN__DUPLICATE_METHOD_MATCH = YES;
				"CODE_SIGN_IDENTITY[sdk=iphoneos*]" = "iPhone Developer";
				COPY_PHASE_STRIP = NO;
				ENABLE_TESTABILITY = YES;
				GCC_C_LANGUAGE_STANDARD = gnu99;
				GCC_DYNAMIC_NO_PIC = NO;
				GCC_OPTIMIZATION_LEVEL = 0;
				GCC_PREPROCESSOR_DEFINITIONS = (
					"DEBUG=1",
					"$(inherited)",
				);
				GCC_SYMBOLS_PRIVATE_EXTERN = NO;
				GCC_WARN_ABOUT_RETURN_TYPE = YES;
				GCC_WARN_UNINITIALIZED_AUTOS = YES;
				GCC_WARN_UNUSED_VARIABLE = YES;
				IPHONEOS_DEPLOYMENT_TARGET = 8.0;
				ONLY_ACTIVE_ARCH = NO;
				SDKROOT = iphoneos;
				TARGETED_DEVICE_FAMILY = "1,2";
			};
			name = Debug;
		};
		DFC466EF1926B8EE00A793AF /* Release */ = {
			isa = XCBuildConfiguration;
			buildSettings = {
				ALWAYS_SEARCH_USER_PATHS = NO;
				CLANG_CXX_LANGUAGE_STANDARD = "gnu++0x";
				CLANG_CXX_LIBRARY = "libc++";
				CLANG_ENABLE_OBJC_ARC = YES;
				CLANG_WARN_CONSTANT_CONVERSION = YES;
				CLANG_WARN_EMPTY_BODY = YES;
				CLANG_WARN_ENUM_CONVERSION = YES;
				CLANG_WARN_INT_CONVERSION = YES;
				CLANG_WARN__DUPLICATE_METHOD_MATCH = YES;
				"CODE_SIGN_IDENTITY[sdk=iphoneos*]" = "iPhone Developer";
				COPY_PHASE_STRIP = YES;
				GCC_C_LANGUAGE_STANDARD = gnu99;
				GCC_WARN_ABOUT_RETURN_TYPE = YES;
				GCC_WARN_UNINITIALIZED_AUTOS = YES;
				GCC_WARN_UNUSED_VARIABLE = YES;
				IPHONEOS_DEPLOYMENT_TARGET = 8.0;
				OTHER_CFLAGS = "-DNS_BLOCK_ASSERTIONS=1";
				SDKROOT = iphoneos;
				TARGETED_DEVICE_FAMILY = "1,2";
				VALIDATE_PRODUCT = YES;
			};
			name = Release;
		};
		DFC466F11926B8EE00A793AF /* Debug */ = {
			isa = XCBuildConfiguration;
			buildSettings = {
				ASSETCATALOG_COMPILER_APPICON_NAME = AppIcon;
				CODE_SIGN_IDENTITY = "iPhone Developer";
				"CODE_SIGN_IDENTITY[sdk=iphoneos*]" = "iPhone Developer";
				GCC_PRECOMPILE_PREFIX_HEADER = YES;
				GCC_PREFIX_HEADER = "Flounds/Flounds-Prefix.pch";
				INFOPLIST_FILE = "Flounds/Flounds-Info.plist";
				IPHONEOS_DEPLOYMENT_TARGET = 8.0;
				ONLY_ACTIVE_ARCH = NO;
				PRODUCT_BUNDLE_IDENTIFIER = "PaulRest.$(PRODUCT_NAME:rfc1034identifier)";
				PRODUCT_NAME = "$(TARGET_NAME)";
				PROVISIONING_PROFILE = "";
				"PROVISIONING_PROFILE[sdk=iphoneos*]" = "";
				TARGETED_DEVICE_FAMILY = 1;
				WRAPPER_EXTENSION = app;
			};
			name = Debug;
		};
		DFC466F21926B8EE00A793AF /* Release */ = {
			isa = XCBuildConfiguration;
			buildSettings = {
				ASSETCATALOG_COMPILER_APPICON_NAME = AppIcon;
				CODE_SIGN_IDENTITY = "iPhone Developer";
				"CODE_SIGN_IDENTITY[sdk=iphoneos*]" = "iPhone Developer";
				GCC_PRECOMPILE_PREFIX_HEADER = YES;
				GCC_PREFIX_HEADER = "Flounds/Flounds-Prefix.pch";
				INFOPLIST_FILE = "Flounds/Flounds-Info.plist";
				IPHONEOS_DEPLOYMENT_TARGET = 8.0;
				ONLY_ACTIVE_ARCH = NO;
				PRODUCT_BUNDLE_IDENTIFIER = "PaulRest.$(PRODUCT_NAME:rfc1034identifier)";
				PRODUCT_NAME = "$(TARGET_NAME)";
				PROVISIONING_PROFILE = "";
				"PROVISIONING_PROFILE[sdk=iphoneos*]" = "";
				TARGETED_DEVICE_FAMILY = 1;
				WRAPPER_EXTENSION = app;
			};
			name = Release;
		};
/* End XCBuildConfiguration section */

/* Begin XCConfigurationList section */
		DFC466CE1926B8EE00A793AF /* Build configuration list for PBXProject "Flounds" */ = {
			isa = XCConfigurationList;
			buildConfigurations = (
				DFC466EE1926B8EE00A793AF /* Debug */,
				DFC466EF1926B8EE00A793AF /* Release */,
			);
			defaultConfigurationIsVisible = 0;
			defaultConfigurationName = Release;
		};
		DFC466F01926B8EE00A793AF /* Build configuration list for PBXNativeTarget "Flounds" */ = {
			isa = XCConfigurationList;
			buildConfigurations = (
				DFC466F11926B8EE00A793AF /* Debug */,
				DFC466F21926B8EE00A793AF /* Release */,
			);
			defaultConfigurationIsVisible = 0;
			defaultConfigurationName = Release;
		};
/* End XCConfigurationList section */
	};
	rootObject = DFC466CB1926B8EE00A793AF /* Project object */;
}
